// !$*UTF8*$!
{
	archiveVersion = 1;
	classes = {
	};
	objectVersion = 56;
	objects = {

/* Begin PBXBuildFile section */
		3A000001 /* StashApp.swift in Sources */ = {isa = PBXBuildFile; fileRef = 3B000001 /* StashApp.swift */; };
		3A000002 /* ContentView.swift in Sources */ = {isa = PBXBuildFile; fileRef = 3B000002 /* ContentView.swift */; };
		3A000003 /* URLBookmarkRow.swift in Sources */ = {isa = PBXBuildFile; fileRef = 3B000003 /* URLBookmarkRow.swift */; };
		3A000004 /* AddURLView.swift in Sources */ = {isa = PBXBuildFile; fileRef = 3B000004 /* AddURLView.swift */; };
		3A000005 /* URLDetailView.swift in Sources */ = {isa = PBXBuildFile; fileRef = 3B000005 /* URLDetailView.swift */; };
		3A000006 /* SettingsView.swift in Sources */ = {isa = PBXBuildFile; fileRef = 3B000006 /* SettingsView.swift */; };
		3A000007 /* BackupManagerView.swift in Sources */ = {isa = PBXBuildFile; fileRef = 3B000007 /* BackupManagerView.swift */; };
		3A000008 /* ConflictResolutionView.swift in Sources */ = {isa = PBXBuildFile; fileRef = 3B000008 /* ConflictResolutionView.swift */; };
		3A000009 /* PersistenceController.swift in Sources */ = {isa = PBXBuildFile; fileRef = 3B000009 /* PersistenceController.swift */; };
		3A00000A /* URLBookmark+CoreDataClass.swift in Sources */ = {isa = PBXBuildFile; fileRef = 3B00000A /* URLBookmark+CoreDataClass.swift */; };
		3A00000B /* Stash.xcdatamodeld in Sources */ = {isa = PBXBuildFile; fileRef = 3B00000B /* Stash.xcdatamodeld */; };
		3A00000C /* Assets.xcassets in Resources */ = {isa = PBXBuildFile; fileRef = 3B00000C /* Assets.xcassets */; };
		3A00000D /* OfflineManager.swift in Sources */ = {isa = PBXBuildFile; fileRef = 3B00000F /* OfflineManager.swift */; };
		3A00000E /* PerformanceManager.swift in Sources */ = {isa = PBXBuildFile; fileRef = 3B000010 /* PerformanceManager.swift */; };
		3A00000F /* CrossPlatformSyncManager.swift in Sources */ = {isa = PBXBuildFile; fileRef = 3B000011 /* CrossPlatformSyncManager.swift */; };
		3A000010 /* ExportImportService.swift in Sources */ = {isa = PBXBuildFile; fileRef = 3B000012 /* ExportImportService.swift */; };
/* End PBXBuildFile section */

/* Begin PBXFileReference section */
		3B000001 /* StashApp.swift */ = {isa = PBXFileReference; lastKnownFileType = sourcecode.swift; name = StashApp.swift; path = ../StashApp.swift; sourceTree = "<group>"; };
		3B000002 /* ContentView.swift */ = {isa = PBXFileReference; lastKnownFileType = sourcecode.swift; name = ContentView.swift; path = ../ContentView.swift; sourceTree = "<group>"; };
		3B000003 /* URLBookmarkRow.swift */ = {isa = PBXFileReference; lastKnownFileType = sourcecode.swift; name = URLBookmarkRow.swift; path = ../URLBookmarkRow.swift; sourceTree = "<group>"; };
		3B000004 /* AddURLView.swift */ = {isa = PBXFileReference; lastKnownFileType = sourcecode.swift; name = AddURLView.swift; path = ../AddURLView.swift; sourceTree = "<group>"; };
		3B000005 /* URLDetailView.swift */ = {isa = PBXFileReference; lastKnownFileType = sourcecode.swift; name = URLDetailView.swift; path = ../URLDetailView.swift; sourceTree = "<group>"; };
		3B000006 /* SettingsView.swift */ = {isa = PBXFileReference; lastKnownFileType = sourcecode.swift; name = SettingsView.swift; path = ../SettingsView.swift; sourceTree = "<group>"; };
		3B000007 /* BackupManagerView.swift */ = {isa = PBXFileReference; lastKnownFileType = sourcecode.swift; name = BackupManagerView.swift; path = ../BackupManagerView.swift; sourceTree = "<group>"; };
		3B000008 /* ConflictResolutionView.swift */ = {isa = PBXFileReference; lastKnownFileType = sourcecode.swift; name = ConflictResolutionView.swift; path = ../ConflictResolutionView.swift; sourceTree = "<group>"; };
		3B000009 /* PersistenceController.swift */ = {isa = PBXFileReference; lastKnownFileType = sourcecode.swift; name = PersistenceController.swift; path = ../Stash/PersistenceController.swift; sourceTree = "<group>"; };
		3B00000A /* URLBookmark+CoreDataClass.swift */ = {isa = PBXFileReference; lastKnownFileType = sourcecode.swift; name = "URLBookmark+CoreDataClass.swift"; path = "../Stash/URLBookmark+CoreDataClass.swift"; sourceTree = "<group>"; };
		3B00000B /* Stash.xcdatamodeld */ = {isa = PBXFileReference; lastKnownFileType = wrapper.xcdatamodel; name = Stash.xcdatamodeld; path = ../Stash/Stash.xcdatamodeld; sourceTree = "<group>"; };
		3B00000C /* Assets.xcassets */ = {isa = PBXFileReference; lastKnownFileType = folder.assetcatalog; name = Assets.xcassets; path = ../Stash/Assets.xcassets; sourceTree = "<group>"; };
		3B00000D /* Stash.entitlements */ = {isa = PBXFileReference; lastKnownFileType = text.plist.entitlements; name = Stash.entitlements; path = ../Stash/Stash.entitlements; sourceTree = "<group>"; };
		3B00000F /* OfflineManager.swift */ = {isa = PBXFileReference; lastKnownFileType = sourcecode.swift; name = OfflineManager.swift; path = ../../Shared/OfflineManager.swift; sourceTree = "<group>"; };
		3B000010 /* PerformanceManager.swift */ = {isa = PBXFileReference; lastKnownFileType = sourcecode.swift; name = PerformanceManager.swift; path = ../../Shared/PerformanceManager.swift; sourceTree = "<group>"; };
		3B000011 /* CrossPlatformSyncManager.swift */ = {isa = PBXFileReference; lastKnownFileType = sourcecode.swift; name = CrossPlatformSyncManager.swift; path = ../../Shared/CrossPlatformSyncManager.swift; sourceTree = "<group>"; };
		3B000012 /* ExportImportService.swift */ = {isa = PBXFileReference; lastKnownFileType = sourcecode.swift; name = ExportImportService.swift; path = ../../Shared/ExportImportService.swift; sourceTree = "<group>"; };
		3C000001 /* Stash.app */ = {isa = PBXFileReference; explicitFileType = wrapper.application; includeInIndex = 0; path = Stash.app; sourceTree = BUILT_PRODUCTS_DIR; };
/* End PBXFileReference section */

/* Begin PBXFrameworksBuildPhase section */
		3D000001 /* Frameworks */ = {
			isa = PBXFrameworksBuildPhase;
			buildActionMask = 2147483647;
			files = (
			);
			runOnlyForDeploymentPostprocessing = 0;
		};
/* End PBXFrameworksBuildPhase section */

/* Begin PBXGroup section */
		3E000001 = {
			isa = PBXGroup;
			children = (
				3E000002 /* Stash */,
				3E000003 /* Products */,
			);
			sourceTree = "<group>";
		};
		3E000002 /* Stash */ = {
			isa = PBXGroup;
			children = (
				3B00000D /* Stash.entitlements */,
				3B000001 /* StashApp.swift */,
				3B000002 /* ContentView.swift */,
				3B000003 /* URLBookmarkRow.swift */,
				3B000004 /* AddURLView.swift */,
				3B000005 /* URLDetailView.swift */,
				3B000006 /* SettingsView.swift */,
				3B000007 /* BackupManagerView.swift */,
				3B000008 /* ConflictResolutionView.swift */,
				3B000009 /* PersistenceController.swift */,
				3B00000A /* URLBookmark+CoreDataClass.swift */,
				3B00000B /* Stash.xcdatamodeld */,
				3B00000F /* OfflineManager.swift */,
				3B000010 /* PerformanceManager.swift */,
				3B000011 /* CrossPlatformSyncManager.swift */,
				3B000012 /* ExportImportService.swift */,
				3B00000C /* Assets.xcassets */,
			);
			path = Stash;
			sourceTree = "<group>";
		};
		3E000003 /* Products */ = {
			isa = PBXGroup;
			children = (
				3C000001 /* Stash.app */,
			);
			name = Products;
			sourceTree = "<group>";
		};
/* End PBXGroup section */

/* Begin PBXNativeTarget section */
		3F000001 /* Stash */ = {
			isa = PBXNativeTarget;
			buildConfigurationList = 3F000002 /* Build configuration list for PBXNativeTarget "Stash" */;
			buildPhases = (
				3F000003 /* Sources */,
				3D000001 /* Frameworks */,
				3F000004 /* Resources */,
			);
			buildRules = (
			);
			dependencies = (
			);
			name = Stash;
			productName = Stash;
			productReference = 3C000001 /* Stash.app */;
			productType = "com.apple.product-type.application";
		};
/* End PBXNativeTarget section */

/* Begin PBXProject section */
		3F000005 /* Project object */ = {
			isa = PBXProject;
			attributes = {
				BuildIndependentTargetsInParallel = 1;
				LastSwiftUpdateCheck = 1500;
				LastUpgradeCheck = 1500;
				TargetAttributes = {
					3F000001 = {
						CreatedOnToolsVersion = 15.0;
					};
				};
			};
			buildConfigurationList = 3F000006 /* Build configuration list for PBXProject "Stash" */;
			compatibilityVersion = "Xcode 14.0";
			developmentRegion = en;
			hasScannedForEncodings = 0;
			knownRegions = (
				en,
				Base,
			);
			mainGroup = 3E000001;
			productRefGroup = 3E000003 /* Products */;
			projectDirPath = "";
			projectRoot = "";
			targets = (
				3F000001 /* Stash */,
			);
		};
/* End PBXProject section */

/* Begin PBXResourcesBuildPhase section */
		3F000004 /* Resources */ = {
			isa = PBXResourcesBuildPhase;
			buildActionMask = 2147483647;
			files = (
				3A00000C /* Assets.xcassets in Resources */,
			);
			runOnlyForDeploymentPostprocessing = 0;
		};
/* End PBXResourcesBuildPhase section */

/* Begin PBXSourcesBuildPhase section */
		3F000003 /* Sources */ = {
			isa = PBXSourcesBuildPhase;
			buildActionMask = 2147483647;
			files = (
				3A000001 /* StashApp.swift in Sources */,
				3A000002 /* ContentView.swift in Sources */,
				3A000003 /* URLBookmarkRow.swift in Sources */,
				3A000004 /* AddURLView.swift in Sources */,
				3A000005 /* URLDetailView.swift in Sources */,
				3A000006 /* SettingsView.swift in Sources */,
				3A000007 /* BackupManagerView.swift in Sources */,
				3A000008 /* ConflictResolutionView.swift in Sources */,
				3A000009 /* PersistenceController.swift in Sources */,
				3A00000A /* URLBookmark+CoreDataClass.swift in Sources */,
				3A00000B /* Stash.xcdatamodeld in Sources */,
				3A00000D /* OfflineManager.swift in Sources */,
				3A00000E /* PerformanceManager.swift in Sources */,
				3A00000F /* CrossPlatformSyncManager.swift in Sources */,
				3A000010 /* ExportImportService.swift in Sources */,
			);
			runOnlyForDeploymentPostprocessing = 0;
		};
/* End PBXSourcesBuildPhase section */

/* Begin XCBuildConfiguration section */
		3F000007 /* Debug */ = {
			isa = XCBuildConfiguration;
			buildSettings = {
				ALWAYS_SEARCH_USER_PATHS = NO;
				ASSETCATALOG_COMPILER_GENERATE_SWIFT_ASSET_SYMBOL_EXTENSIONS = YES;
				CLANG_ANALYZER_NONNULL = YES;
				CLANG_ANALYZER_NUMBER_OBJECT_CONVERSION = YES_AGGRESSIVE;
				CLANG_CXX_LANGUAGE_STANDARD = "gnu++20";
				CLANG_ENABLE_MODULES = YES;
				CLANG_ENABLE_OBJC_ARC = YES;
				CLANG_ENABLE_OBJC_WEAK = YES;
				CLANG_WARN_BLOCK_CAPTURE_AUTORELEASING = YES;
				CLANG_WARN_BOOL_CONVERSION = YES;
				CLANG_WARN_COMMA = YES;
				CLANG_WARN_CONSTANT_CONVERSION = YES;
				CLANG_WARN_DEPRECATED_OBJC_IMPLEMENTATIONS = YES;
				CLANG_WARN_DIRECT_OBJC_ISA_USAGE = YES_ERROR;
				CLANG_WARN_DOCUMENTATION_COMMENTS = YES;
				CLANG_WARN_EMPTY_BODY = YES;
				CLANG_WARN_ENUM_CONVERSION = YES;
				CLANG_WARN_INFINITE_RECURSION = YES;
				CLANG_WARN_INT_CONVERSION = YES;
				CLANG_WARN_NON_LITERAL_NULL_CONVERSION = YES;
				CLANG_WARN_OBJC_IMPLICIT_RETAIN_SELF = YES;
				CLANG_WARN_OBJC_LITERAL_CONVERSION = YES;
				CLANG_WARN_OBJC_ROOT_CLASS = YES_ERROR;
				CLANG_WARN_QUOTED_INCLUDE_IN_FRAMEWORK_HEADER = YES;
				CLANG_WARN_RANGE_LOOP_ANALYSIS = YES;
				CLANG_WARN_STRICT_PROTOTYPES = YES;
				CLANG_WARN_SUSPICIOUS_MOVE = YES;
				CLANG_WARN_UNGUARDED_AVAILABILITY = YES_AGGRESSIVE;
				CLANG_WARN_UNREACHABLE_CODE = YES;
				CLANG_WARN__DUPLICATE_METHOD_MATCH = YES;
				COPY_PHASE_STRIP = NO;
				DEBUG_INFORMATION_FORMAT = dwarf;
				ENABLE_STRICT_OBJC_MSGSEND = YES;
				ENABLE_TESTABILITY = YES;
				ENABLE_USER_SCRIPT_SANDBOXING = YES;
				GCC_C_LANGUAGE_STANDARD = gnu17;
				GCC_DYNAMIC_NO_PIC = NO;
				GCC_NO_COMMON_BLOCKS = YES;
				GCC_OPTIMIZATION_LEVEL = 0;
				GCC_PREPROCESSOR_DEFINITIONS = (
					"DEBUG=1",
					"$(inherited)",
				);
				GCC_WARN_64_TO_32_BIT_CONVERSION = YES;
				GCC_WARN_ABOUT_RETURN_TYPE = YES_ERROR;
				GCC_WARN_UNDECLARED_SELECTOR = YES;
				GCC_WARN_UNINITIALIZED_AUTOS = YES_AGGRESSIVE;
				GCC_WARN_UNUSED_FUNCTION = YES;
				GCC_WARN_UNUSED_VARIABLE = YES;
				IPHONEOS_DEPLOYMENT_TARGET = 16.0;
				LOCALIZATION_PREFERS_STRING_CATALOGS = YES;
				MTL_ENABLE_DEBUG_INFO = INCLUDE_SOURCE;
				MTL_FAST_MATH = YES;
				ONLY_ACTIVE_ARCH = YES;
				SDKROOT = iphoneos;
				SWIFT_ACTIVE_COMPILATION_CONDITIONS = "DEBUG $(inherited)";
				SWIFT_OPTIMIZATION_LEVEL = "-Onone";
			};
			name = Debug;
		};
		3F000008 /* Release */ = {
			isa = XCBuildConfiguration;
			buildSettings = {
				ALWAYS_SEARCH_USER_PATHS = NO;
				ASSETCATALOG_COMPILER_GENERATE_SWIFT_ASSET_SYMBOL_EXTENSIONS = YES;
				CLANG_ANALYZER_NONNULL = YES;
				CLANG_ANALYZER_NUMBER_OBJECT_CONVERSION = YES_AGGRESSIVE;
				CLANG_CXX_LANGUAGE_STANDARD = "gnu++20";
				CLANG_ENABLE_MODULES = YES;
				CLANG_ENABLE_OBJC_ARC = YES;
				CLANG_ENABLE_OBJC_WEAK = YES;
				CLANG_WARN_BLOCK_CAPTURE_AUTORELEASING = YES;
				CLANG_WARN_BOOL_CONVERSION = YES;
				CLANG_WARN_COMMA = YES;
				CLANG_WARN_CONSTANT_CONVERSION = YES;
				CLANG_WARN_DEPRECATED_OBJC_IMPLEMENTATIONS = YES;
				CLANG_WARN_DIRECT_OBJC_ISA_USAGE = YES_ERROR;
				CLANG_WARN_DOCUMENTATION_COMMENTS = YES;
				CLANG_WARN_EMPTY_BODY = YES;
				CLANG_WARN_ENUM_CONVERSION = YES;
				CLANG_WARN_INFINITE_RECURSION = YES;
				CLANG_WARN_INT_CONVERSION = YES;
				CLANG_WARN_NON_LITERAL_NULL_CONVERSION = YES;
				CLANG_WARN_OBJC_IMPLICIT_RETAIN_SELF = YES;
				CLANG_WARN_OBJC_LITERAL_CONVERSION = YES;
				CLANG_WARN_OBJC_ROOT_CLASS = YES_ERROR;
				CLANG_WARN_QUOTED_INCLUDE_IN_FRAMEWORK_HEADER = YES;
				CLANG_WARN_RANGE_LOOP_ANALYSIS = YES;
				CLANG_WARN_STRICT_PROTOTYPES = YES;
				CLANG_WARN_SUSPICIOUS_MOVE = YES;
				CLANG_WARN_UNGUARDED_AVAILABILITY = YES_AGGRESSIVE;
				CLANG_WARN_UNREACHABLE_CODE = YES;
				CLANG_WARN__DUPLICATE_METHOD_MATCH = YES;
				COPY_PHASE_STRIP = NO;
				DEBUG_INFORMATION_FORMAT = "dwarf-with-dsym";
				ENABLE_NS_ASSERTIONS = NO;
				ENABLE_STRICT_OBJC_MSGSEND = YES;
				ENABLE_USER_SCRIPT_SANDBOXING = YES;
				GCC_C_LANGUAGE_STANDARD = gnu17;
				GCC_NO_COMMON_BLOCKS = YES;
				GCC_WARN_64_TO_32_BIT_CONVERSION = YES;
				GCC_WARN_ABOUT_RETURN_TYPE = YES_ERROR;
				GCC_WARN_UNDECLARED_SELECTOR = YES;
				GCC_WARN_UNINITIALIZED_AUTOS = YES_AGGRESSIVE;
				GCC_WARN_UNUSED_FUNCTION = YES;
				GCC_WARN_UNUSED_VARIABLE = YES;
				IPHONEOS_DEPLOYMENT_TARGET = 16.0;
				LOCALIZATION_PREFERS_STRING_CATALOGS = YES;
				MTL_ENABLE_DEBUG_INFO = NO;
				MTL_FAST_MATH = YES;
				SDKROOT = iphoneos;
				SWIFT_COMPILATION_MODE = wholemodule;
				VALIDATE_PRODUCT = YES;
			};
			name = Release;
		};
		3F000009 /* Debug */ = {
			isa = XCBuildConfiguration;
			buildSettings = {
				ASSETCATALOG_COMPILER_APPICON_NAME = AppIcon;
				ASSETCATALOG_COMPILER_GLOBAL_ACCENT_COLOR_NAME = AccentColor;
				CODE_SIGN_ENTITLEMENTS = Stash/Stash.entitlements;
				CODE_SIGN_STYLE = Automatic;
				CURRENT_PROJECT_VERSION = 1;
				DEVELOPMENT_ASSET_PATHS = "";
				DEVELOPMENT_TEAM = "";
				ENABLE_PREVIEWS = YES;
				GENERATE_INFOPLIST_FILE = YES;
				INFOPLIST_KEY_CFBundleDisplayName = "Stash";
				INFOPLIST_KEY_LSApplicationCategoryType = "public.app-category.productivity";
				INFOPLIST_KEY_UIApplicationSceneManifest_Generation = YES;
				INFOPLIST_KEY_UIApplicationSupportsIndirectInputEvents = YES;
				INFOPLIST_KEY_UILaunchScreen_Generation = YES;
				INFOPLIST_KEY_UISupportedInterfaceOrientations_iPad = "UIInterfaceOrientationPortrait UIInterfaceOrientationPortraitUpsideDown UIInterfaceOrientationLandscapeLeft UIInterfaceOrientationLandscapeRight";
				INFOPLIST_KEY_UISupportedInterfaceOrientations_iPhone = "UIInterfaceOrientationPortrait UIInterfaceOrientationLandscapeLeft UIInterfaceOrientationLandscapeRight";
				LD_RUNPATH_SEARCH_PATHS = (
					"$(inherited)",
					"@executable_path/Frameworks",
				);
				MARKETING_VERSION = 1.0;
				PRODUCT_BUNDLE_IDENTIFIER = com.stash.app;
				PRODUCT_NAME = "$(TARGET_NAME)";
				SWIFT_EMIT_LOC_STRINGS = YES;
				SWIFT_VERSION = 5.0;
				TARGETED_DEVICE_FAMILY = "1,2";
			};
			name = Debug;
		};
		3F00000A /* Release */ = {
			isa = XCBuildConfiguration;
			buildSettings = {
				ASSETCATALOG_COMPILER_APPICON_NAME = AppIcon;
				ASSETCATALOG_COMPILER_GLOBAL_ACCENT_COLOR_NAME = AccentColor;
				CODE_SIGN_ENTITLEMENTS = Stash/Stash.entitlements;
				CODE_SIGN_STYLE = Automatic;
				CURRENT_PROJECT_VERSION = 1;
				DEVELOPMENT_ASSET_PATHS = "";
				DEVELOPMENT_TEAM = "";
				ENABLE_PREVIEWS = YES;
				GENERATE_INFOPLIST_FILE = YES;
				INFOPLIST_KEY_CFBundleDisplayName = "Stash";
				INFOPLIST_KEY_LSApplicationCategoryType = "public.app-category.productivity";
				INFOPLIST_KEY_UIApplicationSceneManifest_Generation = YES;
				INFOPLIST_KEY_UIApplicationSupportsIndirectInputEvents = YES;
				INFOPLIST_KEY_UILaunchScreen_Generation = YES;
				INFOPLIST_KEY_UISupportedInterfaceOrientations_iPad = "UIInterfaceOrientationPortrait UIInterfaceOrientationPortraitUpsideDown UIInterfaceOrientationLandscapeLeft UIInterfaceOrientationLandscapeRight";
				INFOPLIST_KEY_UISupportedInterfaceOrientations_iPhone = "UIInterfaceOrientationPortrait UIInterfaceOrientationLandscapeLeft UIInterfaceOrientationLandscapeRight";
				LD_RUNPATH_SEARCH_PATHS = (
					"$(inherited)",
					"@executable_path/Frameworks",
				);
				MARKETING_VERSION = 1.0;
				PRODUCT_BUNDLE_IDENTIFIER = com.stash.app;
				PRODUCT_NAME = "$(TARGET_NAME)";
				SWIFT_EMIT_LOC_STRINGS = YES;
				SWIFT_VERSION = 5.0;
				TARGETED_DEVICE_FAMILY = "1,2";
			};
			name = Release;
		};
/* End XCBuildConfiguration section */

/* Begin XCConfigurationList section */
		3F000006 /* Build configuration list for PBXProject "Stash" */ = {
			isa = XCConfigurationList;
			buildConfigurations = (
				3F000007 /* Debug */,
				3F000008 /* Release */,
			);
			defaultConfigurationIsVisible = 0;
			defaultConfigurationName = Release;
		};
		3F000002 /* Build configuration list for PBXNativeTarget "Stash" */ = {
			isa = XCConfigurationList;
			buildConfigurations = (
				3F000009 /* Debug */,
				3F00000A /* Release */,
			);
			defaultConfigurationIsVisible = 0;
			defaultConfigurationName = Release;
		};
/* End XCConfigurationList section */

/* Begin XCVersionGroup section */
		3B00000B /* Stash.xcdatamodeld */ = {
			isa = XCVersionGroup;
			children = (
				3B00000E /* Stash.xcdatamodel */,
			);
			currentVersion = 3B00000E /* Stash.xcdatamodel */;
			path = Stash.xcdatamodeld;
			sourceTree = "<group>";
			versionGroupType = wrapper.xcdatamodel;
		};
		3B00000E /* Stash.xcdatamodel */ = {isa = PBXFileReference; lastKnownFileType = wrapper.xcdatamodel; path = Stash.xcdatamodel; sourceTree = "<group>"; };
/* End XCVersionGroup section */
	};
	rootObject = 3F000005 /* Project object */;
}
